
Microsoft Visual Studio Solution File, Format Version 12.00
# Visual Studio Version 17
VisualStudioVersion = 17.0.31912.275
MinimumVisualStudioVersion = 10.0.40219.1
Project("{FAE04EC0-301F-11D3-BF4B-00C04F79EFBC}") = "webproject", "webproject\webproject.csproj", "{66A10B4B-E7A0-4711-9E73-AF74E2C61E54}"
EndProject
Global
	GlobalSection(SolutionConfigurationPlatforms) = preSolution
		Debug|Any CPU = Debug|Any CPU
		Release|Any CPU = Release|Any CPU
	EndGlobalSection
	GlobalSection(ProjectConfigurationPlatforms) = postSolution
		{66A10B4B-E7A0-4711-9E73-AF74E2C61E54}.Debug|Any CPU.ActiveCfg = Debug|Any CPU
		{66A10B4B-E7A0-4711-9E73-AF74E2C61E54}.Debug|Any CPU.Build.0 = Debug|Any CPU
		{66A10B4B-E7A0-4711-9E73-AF74E2C61E54}.Release|Any CPU.ActiveCfg = Release|Any CPU
		{66A10B4B-E7A0-4711-9E73-AF74E2C61E54}.Release|Any CPU.Build.0 = Release|Any CPU
	EndGlobalSection
	GlobalSection(SolutionProperties) = preSolution
		HideSolutionNode = FALSE
	EndGlobalSection
	GlobalSection(ExtensibilityGlobals) = postSolution
		SolutionGuid = {CCE9F6BE-9953-464D-BF3D-07FB09EE9A0F}
	EndGlobalSection
EndGlobal
